
Microsoft Visual Studio Solution File, Format Version 12.00
# Visual Studio Version 17
VisualStudioVersion = 17.8.34316.72
MinimumVisualStudioVersion = 10.0.40219.1
Project("{9A19103F-16F7-4668-BE54-9A1E7A4F7556}") = "CSharpTasks", "CSharpTasks\CSharpTasks.csproj", "{933F3174-C972-4E52-8B37-6CFD3A65D700}"
EndProject
Project("{FAE04EC0-301F-11D3-BF4B-00C04F79EFBC}") = "C#Tasks.Api", "C#Tasks.Api\C#Tasks.Api.csproj", "{5CD0303B-0B36-4191-9D8F-D5EF6E4B0D85}"
EndProject
Global
	GlobalSection(SolutionConfigurationPlatforms) = preSolution
		Debug|Any CPU = Debug|Any CPU
		Release|Any CPU = Release|Any CPU
	EndGlobalSection
	GlobalSection(ProjectConfigurationPlatforms) = postSolution
		{933F3174-C972-4E52-8B37-6CFD3A65D700}.Debug|Any CPU.ActiveCfg = Debug|Any CPU
		{933F3174-C972-4E52-8B37-6CFD3A65D700}.Debug|Any CPU.Build.0 = Debug|Any CPU
		{933F3174-C972-4E52-8B37-6CFD3A65D700}.Release|Any CPU.ActiveCfg = Release|Any CPU
		{933F3174-C972-4E52-8B37-6CFD3A65D700}.Release|Any CPU.Build.0 = Release|Any CPU
		{5CD0303B-0B36-4191-9D8F-D5EF6E4B0D85}.Debug|Any CPU.ActiveCfg = Debug|Any CPU
		{5CD0303B-0B36-4191-9D8F-D5EF6E4B0D85}.Debug|Any CPU.Build.0 = Debug|Any CPU
		{5CD0303B-0B36-4191-9D8F-D5EF6E4B0D85}.Release|Any CPU.ActiveCfg = Release|Any CPU
		{5CD0303B-0B36-4191-9D8F-D5EF6E4B0D85}.Release|Any CPU.Build.0 = Release|Any CPU
	EndGlobalSection
	GlobalSection(SolutionProperties) = preSolution
		HideSolutionNode = FALSE
	EndGlobalSection
	GlobalSection(ExtensibilityGlobals) = postSolution
		SolutionGuid = {E0CBA749-47A4-4AE2-AF92-3AADE83622F4}
	EndGlobalSection
EndGlobal
